{
  "name": "town-interactive",
  "version": "1.0.0",
  "lockfileVersion": 2,
  "requires": true,
  "packages": {
    "": {
      "name": "town-interactive",
      "version": "1.0.0",
      "license": "ISC",
      "devDependencies": {
        "@babylonjs/core": "^6.1.0",
        "@babylonjs/inspector": "^6.1.0"
      }
    },
    "node_modules/@babylonjs/core": {
      "version": "6.1.0",
      "resolved": "https://registry.npmjs.org/@babylonjs/core/-/core-6.1.0.tgz",
      "integrity": "sha512-/RfJU9B0bidGpZrxRWoHx+bHxeX07ICXTcVHwe7fFRk/uaBw3ZW8PzYqW30bN4s6oT+oxXzsj/jFAxE/zO+S9Q==",
      "dev": true
    },
    "node_modules/@babylonjs/gui": {
      "version": "6.1.0",
      "resolved": "https://registry.npmjs.org/@babylonjs/gui/-/gui-6.1.0.tgz",
      "integrity": "sha512-9qLe3sTOxkdq5aTGZGDRByzcdiR94TZcDebfhqHVyNBLMdabTHON/cuL534FYBojwaN7ZXiM1a9UaNDN34MWgw==",
      "dev": true,
      "peer": true,
      "peerDependencies": {
        "@babylonjs/core": "^6.0.0"
      }
    },
    "node_modules/@babylonjs/gui-editor": {
      "version": "6.1.0",
      "resolved": "https://registry.npmjs.org/@babylonjs/gui-editor/-/gui-editor-6.1.0.tgz",
      "integrity": "sha512-wU8feqhHn3Mvu3dD9Sd5fRCz5v0aTIwlx8dVZ5PMAr8ZBBhbybYjaTaGPzpvQRkUybmywdTPNC7cmjl9VHz5uQ==",
      "dev": true,
      "peer": true,
      "peerDependencies": {
        "@babylonjs/core": "^6.0.0",
        "@babylonjs/gui": "^6.0.0",
        "@types/react": ">=16.7.3",
        "@types/react-dom": ">=16.0.9"
      }
    },
    "node_modules/@babylonjs/inspector": {
      "version": "6.1.0",
      "resolved": "https://registry.npmjs.org/@babylonjs/inspector/-/inspector-6.1.0.tgz",
      "integrity": "sha512-lQhmgs5SawD2cIoJ4rpygaJlkBQHRA+VVo/dQMzR53lYtIquEInrG9D6Fd10u3SU50dkVOKWZTA05FahmqHMWw==",
      "dev": true,
      "dependencies": {
        "@fortawesome/fontawesome-svg-core": "^6.1.0",
        "@fortawesome/free-regular-svg-icons": "^6.0.0",
        "@fortawesome/free-solid-svg-icons": "^6.0.0"
      },
      "peerDependencies": {
        "@babylonjs/core": "^6.0.0",
        "@babylonjs/gui": "^6.0.0",
        "@babylonjs/gui-editor": "^6.0.0",
        "@babylonjs/loaders": "^6.0.0",
        "@babylonjs/materials": "^6.0.0",
        "@babylonjs/serializers": "^6.0.0",
        "@types/react": ">=16.7.3",
        "@types/react-dom": ">=16.0.9"
      }
    },
    "node_modules/@babylonjs/loaders": {
      "version": "6.1.0",
      "resolved": "https://registry.npmjs.org/@babylonjs/loaders/-/loaders-6.1.0.tgz",
      "integrity": "sha512-JaazeAEppueW/ERDIBVNsiOI6BEsPoeOgSvY5OYObZN2+uDXbxnv4fHZr7vJaMEoEFV+kuyABZZwqbi9P9rE3A==",
      "dev": true,
      "peer": true,
      "peerDependencies": {
        "@babylonjs/core": "^6.0.0",
        "babylonjs-gltf2interface": "^6.0.0"
      }
    },
    "node_modules/@babylonjs/materials": {
      "version": "6.1.0",
      "resolved": "https://registry.npmjs.org/@babylonjs/materials/-/materials-6.1.0.tgz",
      "integrity": "sha512-qWRHgFkkZ0xWizkVNyyDpPmXHxVfI1lp1PnVNSisBD+QH34EyySNL5gjdZuDKbhtHgSeaPz9ca1M+IkUPHqVNA==",
      "dev": true,
      "peer": true,
      "peerDependencies": {
        "@babylonjs/core": "^6.0.0"
      }
    },
    "node_modules/@babylonjs/serializers": {
      "version": "6.1.0",
      "resolved": "https://registry.npmjs.org/@babylonjs/serializers/-/serializers-6.1.0.tgz",
      "integrity": "sha512-GQ+KRNGS+0tZXyNsbzlgdEHmP0cZ7VlIPF6lUdXfSNqb0K2mszYnrscmiUBuRHqtlDcyI6ooU91NuGExeIXoOg==",
      "dev": true,
      "peer": true,
      "peerDependencies": {
        "@babylonjs/core": "^6.0.0",
        "babylonjs-gltf2interface": "^6.0.0"
      }
    },
    "node_modules/@fortawesome/fontawesome-common-types": {
      "version": "6.4.0",
      "resolved": "https://registry.npmjs.org/@fortawesome/fontawesome-common-types/-/fontawesome-common-types-6.4.0.tgz",
      "integrity": "sha512-HNii132xfomg5QVZw0HwXXpN22s7VBHQBv9CeOu9tfJnhsWQNd2lmTNi8CSrnw5B+5YOmzu1UoPAyxaXsJ6RgQ==",
      "dev": true,
      "hasInstallScript": true,
      "engines": {
        "node": ">=6"
      }
    },
    "node_modules/@fortawesome/fontawesome-svg-core": {
      "version": "6.4.0",
      "resolved": "https://registry.npmjs.org/@fortawesome/fontawesome-svg-core/-/fontawesome-svg-core-6.4.0.tgz",
      "integrity": "sha512-Bertv8xOiVELz5raB2FlXDPKt+m94MQ3JgDfsVbrqNpLU9+UE2E18GKjLKw+d3XbeYPqg1pzyQKGsrzbw+pPaw==",
      "dev": true,
      "hasInstallScript": true,
      "dependencies": {
        "@fortawesome/fontawesome-common-types": "6.4.0"
      },
      "engines": {
        "node": ">=6"
      }
    },
    "node_modules/@fortawesome/free-regular-svg-icons": {
      "version": "6.4.0",
      "resolved": "https://registry.npmjs.org/@fortawesome/free-regular-svg-icons/-/free-regular-svg-icons-6.4.0.tgz",
      "integrity": "sha512-ZfycI7D0KWPZtf7wtMFnQxs8qjBXArRzczABuMQqecA/nXohquJ5J/RCR77PmY5qGWkxAZDxpnUFVXKwtY/jPw==",
      "dev": true,
      "hasInstallScript": true,
      "dependencies": {
        "@fortawesome/fontawesome-common-types": "6.4.0"
      },
      "engines": {
        "node": ">=6"
      }
    },
    "node_modules/@fortawesome/free-solid-svg-icons": {
      "version": "6.4.0",
      "resolved": "https://registry.npmjs.org/@fortawesome/free-solid-svg-icons/-/free-solid-svg-icons-6.4.0.tgz",
      "integrity": "sha512-kutPeRGWm8V5dltFP1zGjQOEAzaLZj4StdQhWVZnfGFCvAPVvHh8qk5bRrU4KXnRRRNni5tKQI9PBAdI6MP8nQ==",
      "dev": true,
      "hasInstallScript": true,
      "dependencies": {
        "@fortawesome/fontawesome-common-types": "6.4.0"
      },
      "engines": {
        "node": ">=6"
      }
    },
    "node_modules/@types/prop-types": {
      "version": "15.7.5",
      "resolved": "https://registry.npmjs.org/@types/prop-types/-/prop-types-15.7.5.tgz",
      "integrity": "sha512-JCB8C6SnDoQf0cNycqd/35A7MjcnK+ZTqE7judS6o7utxUCg6imJg3QK2qzHKszlTjcj2cn+NwMB2i96ubpj7w==",
      "dev": true,
      "peer": true
    },
    "node_modules/@types/react": {
      "version": "18.2.0",
      "resolved": "https://registry.npmjs.org/@types/react/-/react-18.2.0.tgz",
      "integrity": "sha512-0FLj93y5USLHdnhIhABk83rm8XEGA7kH3cr+YUlvxoUGp1xNt/DINUMvqPxLyOQMzLmZe8i4RTHbvb8MC7NmrA==",
      "dev": true,
      "peer": true,
      "dependencies": {
        "@types/prop-types": "*",
        "@types/scheduler": "*",
        "csstype": "^3.0.2"
      }
    },
    "node_modules/@types/react-dom": {
      "version": "18.2.1",
      "resolved": "https://registry.npmjs.org/@types/react-dom/-/react-dom-18.2.1.tgz",
      "integrity": "sha512-8QZEV9+Kwy7tXFmjJrp3XUKQSs9LTnE0KnoUb0YCguWBiNW0Yfb2iBMYZ08WPg35IR6P3Z0s00B15SwZnO26+w==",
      "dev": true,
      "peer": true,
      "dependencies": {
        "@types/react": "*"
      }
    },
    "node_modules/@types/scheduler": {
      "version": "0.16.3",
      "resolved": "https://registry.npmjs.org/@types/scheduler/-/scheduler-0.16.3.tgz",
      "integrity": "sha512-5cJ8CB4yAx7BH1oMvdU0Jh9lrEXyPkar6F9G/ERswkCuvP4KQZfZkSjcMbAICCpQTN4OuZn8tz0HiKv9TGZgrQ==",
      "dev": true,
      "peer": true
    },
    "node_modules/babylonjs-gltf2interface": {
      "version": "6.1.0",
      "resolved": "https://registry.npmjs.org/babylonjs-gltf2interface/-/babylonjs-gltf2interface-6.1.0.tgz",
      "integrity": "sha512-wt0NFYo7SBcJijHTyXYbfTXOoS8xmeypauMBtFbjPrrowdLpft1OUDdEaehan+Jr9BzTS/bzEJK6JgQ3tbIYnA==",
      "dev": true,
      "peer": true
    },
    "node_modules/csstype": {
      "version": "3.1.2",
      "resolved": "https://registry.npmjs.org/csstype/-/csstype-3.1.2.tgz",
      "integrity": "sha512-I7K1Uu0MBPzaFKg4nI5Q7Vs2t+3gWWW648spaF+Rg7pI9ds18Ugn+lvg4SHczUdKlHI5LWBXyqfS8+DufyBsgQ==",
      "dev": true,
      "peer": true
    }
  },
  "dependencies": {
    "@babylonjs/core": {
      "version": "6.1.0",
      "resolved": "https://registry.npmjs.org/@babylonjs/core/-/core-6.1.0.tgz",
      "integrity": "sha512-/RfJU9B0bidGpZrxRWoHx+bHxeX07ICXTcVHwe7fFRk/uaBw3ZW8PzYqW30bN4s6oT+oxXzsj/jFAxE/zO+S9Q==",
      "dev": true
    },
    "@babylonjs/gui": {
      "version": "6.1.0",
      "resolved": "https://registry.npmjs.org/@babylonjs/gui/-/gui-6.1.0.tgz",
      "integrity": "sha512-9qLe3sTOxkdq5aTGZGDRByzcdiR94TZcDebfhqHVyNBLMdabTHON/cuL534FYBojwaN7ZXiM1a9UaNDN34MWgw==",
      "dev": true,
      "peer": true,
      "requires": {}
    },
    "@babylonjs/gui-editor": {
      "version": "6.1.0",
      "resolved": "https://registry.npmjs.org/@babylonjs/gui-editor/-/gui-editor-6.1.0.tgz",
      "integrity": "sha512-wU8feqhHn3Mvu3dD9Sd5fRCz5v0aTIwlx8dVZ5PMAr8ZBBhbybYjaTaGPzpvQRkUybmywdTPNC7cmjl9VHz5uQ==",
      "dev": true,
      "peer": true,
      "requires": {}
    },
    "@babylonjs/inspector": {
      "version": "6.1.0",
      "resolved": "https://registry.npmjs.org/@babylonjs/inspector/-/inspector-6.1.0.tgz",
      "integrity": "sha512-lQhmgs5SawD2cIoJ4rpygaJlkBQHRA+VVo/dQMzR53lYtIquEInrG9D6Fd10u3SU50dkVOKWZTA05FahmqHMWw==",
      "dev": true,
      "requires": {
        "@fortawesome/fontawesome-svg-core": "^6.1.0",
        "@fortawesome/free-regular-svg-icons": "^6.0.0",
        "@fortawesome/free-solid-svg-icons": "^6.0.0"
      }
    },
    "@babylonjs/loaders": {
      "version": "6.1.0",
      "resolved": "https://registry.npmjs.org/@babylonjs/loaders/-/loaders-6.1.0.tgz",
      "integrity": "sha512-JaazeAEppueW/ERDIBVNsiOI6BEsPoeOgSvY5OYObZN2+uDXbxnv4fHZr7vJaMEoEFV+kuyABZZwqbi9P9rE3A==",
      "dev": true,
      "peer": true,
      "requires": {}
    },
    "@babylonjs/materials": {
      "version": "6.1.0",
      "resolved": "https://registry.npmjs.org/@babylonjs/materials/-/materials-6.1.0.tgz",
      "integrity": "sha512-qWRHgFkkZ0xWizkVNyyDpPmXHxVfI1lp1PnVNSisBD+QH34EyySNL5gjdZuDKbhtHgSeaPz9ca1M+IkUPHqVNA==",
      "dev": true,
      "peer": true,
      "requires": {}
    },
    "@babylonjs/serializers": {
      "version": "6.1.0",
      "resolved": "https://registry.npmjs.org/@babylonjs/serializers/-/serializers-6.1.0.tgz",
      "integrity": "sha512-GQ+KRNGS+0tZXyNsbzlgdEHmP0cZ7VlIPF6lUdXfSNqb0K2mszYnrscmiUBuRHqtlDcyI6ooU91NuGExeIXoOg==",
      "dev": true,
      "peer": true,
      "requires": {}
    },
    "@fortawesome/fontawesome-common-types": {
      "version": "6.4.0",
      "resolved": "https://registry.npmjs.org/@fortawesome/fontawesome-common-types/-/fontawesome-common-types-6.4.0.tgz",
      "integrity": "sha512-HNii132xfomg5QVZw0HwXXpN22s7VBHQBv9CeOu9tfJnhsWQNd2lmTNi8CSrnw5B+5YOmzu1UoPAyxaXsJ6RgQ==",
      "dev": true
    },
    "@fortawesome/fontawesome-svg-core": {
      "version": "6.4.0",
      "resolved": "https://registry.npmjs.org/@fortawesome/fontawesome-svg-core/-/fontawesome-svg-core-6.4.0.tgz",
      "integrity": "sha512-Bertv8xOiVELz5raB2FlXDPKt+m94MQ3JgDfsVbrqNpLU9+UE2E18GKjLKw+d3XbeYPqg1pzyQKGsrzbw+pPaw==",
      "dev": true,
      "requires": {
        "@fortawesome/fontawesome-common-types": "6.4.0"
      }
    },
    "@fortawesome/free-regular-svg-icons": {
      "version": "6.4.0",
      "resolved": "https://registry.npmjs.org/@fortawesome/free-regular-svg-icons/-/free-regular-svg-icons-6.4.0.tgz",
      "integrity": "sha512-ZfycI7D0KWPZtf7wtMFnQxs8qjBXArRzczABuMQqecA/nXohquJ5J/RCR77PmY5qGWkxAZDxpnUFVXKwtY/jPw==",
      "dev": true,
      "requires": {
        "@fortawesome/fontawesome-common-types": "6.4.0"
      }
    },
    "@fortawesome/free-solid-svg-icons": {
      "version": "6.4.0",
      "resolved": "https://registry.npmjs.org/@fortawesome/free-solid-svg-icons/-/free-solid-svg-icons-6.4.0.tgz",
      "integrity": "sha512-kutPeRGWm8V5dltFP1zGjQOEAzaLZj4StdQhWVZnfGFCvAPVvHh8qk5bRrU4KXnRRRNni5tKQI9PBAdI6MP8nQ==",
      "dev": true,
      "requires": {
        "@fortawesome/fontawesome-common-types": "6.4.0"
      }
    },
    "@types/prop-types": {
      "version": "15.7.5",
      "resolved": "https://registry.npmjs.org/@types/prop-types/-/prop-types-15.7.5.tgz",
      "integrity": "sha512-JCB8C6SnDoQf0cNycqd/35A7MjcnK+ZTqE7judS6o7utxUCg6imJg3QK2qzHKszlTjcj2cn+NwMB2i96ubpj7w==",
      "dev": true,
      "peer": true
    },
    "@types/react": {
      "version": "18.2.0",
      "resolved": "https://registry.npmjs.org/@types/react/-/react-18.2.0.tgz",
      "integrity": "sha512-0FLj93y5USLHdnhIhABk83rm8XEGA7kH3cr+YUlvxoUGp1xNt/DINUMvqPxLyOQMzLmZe8i4RTHbvb8MC7NmrA==",
      "dev": true,
      "peer": true,
      "requires": {
        "@types/prop-types": "*",
        "@types/scheduler": "*",
        "csstype": "^3.0.2"
      }
    },
    "@types/react-dom": {
      "version": "18.2.1",
      "resolved": "https://registry.npmjs.org/@types/react-dom/-/react-dom-18.2.1.tgz",
      "integrity": "sha512-8QZEV9+Kwy7tXFmjJrp3XUKQSs9LTnE0KnoUb0YCguWBiNW0Yfb2iBMYZ08WPg35IR6P3Z0s00B15SwZnO26+w==",
      "dev": true,
      "peer": true,
      "requires": {
        "@types/react": "*"
      }
    },
    "@types/scheduler": {
      "version": "0.16.3",
      "resolved": "https://registry.npmjs.org/@types/scheduler/-/scheduler-0.16.3.tgz",
      "integrity": "sha512-5cJ8CB4yAx7BH1oMvdU0Jh9lrEXyPkar6F9G/ERswkCuvP4KQZfZkSjcMbAICCpQTN4OuZn8tz0HiKv9TGZgrQ==",
      "dev": true,
      "peer": true
    },
    "babylonjs-gltf2interface": {
      "version": "6.1.0",
      "resolved": "https://registry.npmjs.org/babylonjs-gltf2interface/-/babylonjs-gltf2interface-6.1.0.tgz",
      "integrity": "sha512-wt0NFYo7SBcJijHTyXYbfTXOoS8xmeypauMBtFbjPrrowdLpft1OUDdEaehan+Jr9BzTS/bzEJK6JgQ3tbIYnA==",
      "dev": true,
      "peer": true
    },
    "csstype": {
      "version": "3.1.2",
      "resolved": "https://registry.npmjs.org/csstype/-/csstype-3.1.2.tgz",
      "integrity": "sha512-I7K1Uu0MBPzaFKg4nI5Q7Vs2t+3gWWW648spaF+Rg7pI9ds18Ugn+lvg4SHczUdKlHI5LWBXyqfS8+DufyBsgQ==",
      "dev": true,
      "peer": true
    }
  }
}
